
Microsoft Visual Studio Solution File, Format Version 12.00
# Visual Studio Version 17
VisualStudioVersion = 17.8.34330.188
MinimumVisualStudioVersion = 10.0.40219.1
Project("{9A19103F-16F7-4668-BE54-9A1E7A4F7556}") = "Fing.Idatos.CoordinadorEventos.Api.Host", "Fing.Idatos.CoordinadorEventos.Api.Host.csproj", "{EC1FB829-F11B-444A-8662-B89BE533132B}"
EndProject
Project("{9A19103F-16F7-4668-BE54-9A1E7A4F7556}") = "Fing.Idatos.CoordinadorEventos.Domain", "..\Fing.Idatos.CoordinadorEventos.Domain\Fing.Idatos.CoordinadorEventos.Domain.csproj", "{7BD56100-3FDC-45FC-A5A5-918EC6056BE2}"
EndProject
Project("{9A19103F-16F7-4668-BE54-9A1E7A4F7556}") = "Fing.Idatos.CoordinadorEventos.Application.Contracts", "..\Fing.Idatos.CoordinadorEventos.Application.Contracts\Fing.Idatos.CoordinadorEventos.Application.Contracts.csproj", "{11F490E8-C526-4DF0-99A6-5CEAF88DD9D9}"
EndProject
Project("{9A19103F-16F7-4668-BE54-9A1E7A4F7556}") = "Fing.Idatos.CoordinadorEventos.Application", "..\Fing.Idatos.CoordinadorEventos.Application\Fing.Idatos.CoordinadorEventos.Application.csproj", "{755968E0-C259-4893-8177-4A92E422BA95}"
EndProject
Project("{9A19103F-16F7-4668-BE54-9A1E7A4F7556}") = "Fing.Idatos.CoordinadorEventos.Common", "..\Fing.Idatos.CoordinadorEventos.Common\Fing.Idatos.CoordinadorEventos.Common.csproj", "{D4FE34CA-2752-4AC8-9DD8-65862C65112F}"
EndProject
Project("{FAE04EC0-301F-11D3-BF4B-00C04F79EFBC}") = "Fing.Idatos.CoordinadorEventos.Motor", "..\Fing.Idatos.CoordinadorEventos.Motor\Fing.Idatos.CoordinadorEventos.Motor.csproj", "{686670F8-E486-47EA-A1F3-A3A29F34DEFB}"
EndProject
Project("{FAE04EC0-301F-11D3-BF4B-00C04F79EFBC}") = "Fing.Idatos.CoordinadorEventos.Infrastructure", "..\Fing.Idatos.CoordinadorEventos.Infrastructure\Fing.Idatos.CoordinadorEventos.Infrastructure.csproj", "{ABAF327E-8CB7-46C8-B7EA-878ABB87006E}"
EndProject
Project("{FAE04EC0-301F-11D3-BF4B-00C04F79EFBC}") = "Fing.Idatos.CoordinadorEventos.Application.Mappers", "..\Fing.Idatos.CoordinadorEventos.Application.Mappers\Fing.Idatos.CoordinadorEventos.Application.Mappers.csproj", "{22FED984-9069-4438-AF3A-FB2929E33A42}"
EndProject
Project("{FAE04EC0-301F-11D3-BF4B-00C04F79EFBC}") = "Fing.Idatos.CoordinadorEventos.Api", "..\Fing.Idatos.CoordinadorEventos.Api\Fing.Idatos.CoordinadorEventos.Api.csproj", "{9D9826E4-E822-41C3-9C86-8A34C97817BF}"
EndProject
Global
	GlobalSection(SolutionConfigurationPlatforms) = preSolution
		Debug|Any CPU = Debug|Any CPU
		Release|Any CPU = Release|Any CPU
	EndGlobalSection
	GlobalSection(ProjectConfigurationPlatforms) = postSolution
		{EC1FB829-F11B-444A-8662-B89BE533132B}.Debug|Any CPU.ActiveCfg = Debug|Any CPU
		{EC1FB829-F11B-444A-8662-B89BE533132B}.Debug|Any CPU.Build.0 = Debug|Any CPU
		{EC1FB829-F11B-444A-8662-B89BE533132B}.Release|Any CPU.ActiveCfg = Release|Any CPU
		{EC1FB829-F11B-444A-8662-B89BE533132B}.Release|Any CPU.Build.0 = Release|Any CPU
		{7BD56100-3FDC-45FC-A5A5-918EC6056BE2}.Debug|Any CPU.ActiveCfg = Debug|Any CPU
		{7BD56100-3FDC-45FC-A5A5-918EC6056BE2}.Debug|Any CPU.Build.0 = Debug|Any CPU
		{7BD56100-3FDC-45FC-A5A5-918EC6056BE2}.Release|Any CPU.ActiveCfg = Release|Any CPU
		{7BD56100-3FDC-45FC-A5A5-918EC6056BE2}.Release|Any CPU.Build.0 = Release|Any CPU
		{11F490E8-C526-4DF0-99A6-5CEAF88DD9D9}.Debug|Any CPU.ActiveCfg = Debug|Any CPU
		{11F490E8-C526-4DF0-99A6-5CEAF88DD9D9}.Debug|Any CPU.Build.0 = Debug|Any CPU
		{11F490E8-C526-4DF0-99A6-5CEAF88DD9D9}.Release|Any CPU.ActiveCfg = Release|Any CPU
		{11F490E8-C526-4DF0-99A6-5CEAF88DD9D9}.Release|Any CPU.Build.0 = Release|Any CPU
		{755968E0-C259-4893-8177-4A92E422BA95}.Debug|Any CPU.ActiveCfg = Debug|Any CPU
		{755968E0-C259-4893-8177-4A92E422BA95}.Debug|Any CPU.Build.0 = Debug|Any CPU
		{755968E0-C259-4893-8177-4A92E422BA95}.Release|Any CPU.ActiveCfg = Release|Any CPU
		{755968E0-C259-4893-8177-4A92E422BA95}.Release|Any CPU.Build.0 = Release|Any CPU
		{D4FE34CA-2752-4AC8-9DD8-65862C65112F}.Debug|Any CPU.ActiveCfg = Debug|Any CPU
		{D4FE34CA-2752-4AC8-9DD8-65862C65112F}.Debug|Any CPU.Build.0 = Debug|Any CPU
		{D4FE34CA-2752-4AC8-9DD8-65862C65112F}.Release|Any CPU.ActiveCfg = Release|Any CPU
		{D4FE34CA-2752-4AC8-9DD8-65862C65112F}.Release|Any CPU.Build.0 = Release|Any CPU
		{686670F8-E486-47EA-A1F3-A3A29F34DEFB}.Debug|Any CPU.ActiveCfg = Debug|Any CPU
		{686670F8-E486-47EA-A1F3-A3A29F34DEFB}.Debug|Any CPU.Build.0 = Debug|Any CPU
		{686670F8-E486-47EA-A1F3-A3A29F34DEFB}.Release|Any CPU.ActiveCfg = Release|Any CPU
		{686670F8-E486-47EA-A1F3-A3A29F34DEFB}.Release|Any CPU.Build.0 = Release|Any CPU
		{ABAF327E-8CB7-46C8-B7EA-878ABB87006E}.Debug|Any CPU.ActiveCfg = Debug|Any CPU
		{ABAF327E-8CB7-46C8-B7EA-878ABB87006E}.Debug|Any CPU.Build.0 = Debug|Any CPU
		{ABAF327E-8CB7-46C8-B7EA-878ABB87006E}.Release|Any CPU.ActiveCfg = Release|Any CPU
		{ABAF327E-8CB7-46C8-B7EA-878ABB87006E}.Release|Any CPU.Build.0 = Release|Any CPU
		{22FED984-9069-4438-AF3A-FB2929E33A42}.Debug|Any CPU.ActiveCfg = Debug|Any CPU
		{22FED984-9069-4438-AF3A-FB2929E33A42}.Debug|Any CPU.Build.0 = Debug|Any CPU
		{22FED984-9069-4438-AF3A-FB2929E33A42}.Release|Any CPU.ActiveCfg = Release|Any CPU
		{22FED984-9069-4438-AF3A-FB2929E33A42}.Release|Any CPU.Build.0 = Release|Any CPU
		{9D9826E4-E822-41C3-9C86-8A34C97817BF}.Debug|Any CPU.ActiveCfg = Debug|Any CPU
		{9D9826E4-E822-41C3-9C86-8A34C97817BF}.Debug|Any CPU.Build.0 = Debug|Any CPU
		{9D9826E4-E822-41C3-9C86-8A34C97817BF}.Release|Any CPU.ActiveCfg = Release|Any CPU
		{9D9826E4-E822-41C3-9C86-8A34C97817BF}.Release|Any CPU.Build.0 = Release|Any CPU
	EndGlobalSection
	GlobalSection(SolutionProperties) = preSolution
		HideSolutionNode = FALSE
	EndGlobalSection
	GlobalSection(ExtensibilityGlobals) = postSolution
		SolutionGuid = {8DDEFDD2-5F17-4A5A-808F-5893B2C1BB75}
	EndGlobalSection
EndGlobal
